{
  "requires": true,
  "lockfileVersion": 1,
  "dependencies": {
    "nswag": {
      "version": "13.0.1",
      "resolved": "https://registry.npmjs.org/nswag/-/nswag-13.0.1.tgz",
      "integrity": "sha512-id/NTKFxyrTWt7OOdqmW/K3qf0u9xAoMA9DPy3l/YuuoCLuAU7g70nQoZe16SeWjFSSbNsZeSCV+Hx4RJV1zOw==",
      "dev": true
    }
  }
}
