{
  "requires": true,
  "lockfileVersion": 1,
  "dependencies": {
    "nswag": {
      "version": "11.12.5",
      "resolved": "https://registry.npmjs.org/nswag/-/nswag-11.12.5.tgz",
      "integrity": "sha512-u8+MhznM/7VHyLLe6p5NmNKy/DG3HrPgrA4nElzmic5nZhRxTSEfPtDBO7EaD2HOD98po/i6PFpUR3B5Uh73yQ==",
      "dev": true
    }
  }
}
