{
  "requires": true,
  "lockfileVersion": 1,
  "dependencies": {
    "nswag": {
      "version": "11.12.9",
      "resolved": "https://registry.npmjs.org/nswag/-/nswag-11.12.9.tgz",
      "integrity": "sha512-ghGUJN0rfdvg7w6l2GW/I55XJ2WcFr6KBZoV9SUNyrr/br23NJhw0zr7VQRVEBJmdax7RooFMj0kNfxVqIuFQQ==",
      "dev": true
    }
  }
}
