
Microsoft Visual Studio Solution File, Format Version 12.00
# Visual Studio 15
VisualStudioVersion = 15.0.27004.2002
MinimumVisualStudioVersion = 10.0.40219.1
Project("{FAE04EC0-301F-11D3-BF4B-00C04F79EFBC}") = "Picturepark.ContentUploader", "Picturepark.ContentUploader\Picturepark.ContentUploader.csproj", "{6B970F42-4FB4-4654-9C20-E2A3CBDE5076}"
EndProject
Project("{9A19103F-16F7-4668-BE54-9A1E7A4F7556}") = "Picturepark.Microsite.Example", "Picturepark.Microsite.Example\Picturepark.Microsite.Example.csproj", "{994F7AEC-CDCE-4050-8AC2-CCE3865B7B76}"
EndProject
Project("{9A19103F-16F7-4668-BE54-9A1E7A4F7556}") = "Picturepark.ServiceProvider.Example", "Picturepark.ServiceProvider.Example\Picturepark.ServiceProvider.Example.csproj", "{641D7423-E79E-430C-B64E-34F11E4F7942}"
EndProject
Global
	GlobalSection(SolutionConfigurationPlatforms) = preSolution
		Debug|Any CPU = Debug|Any CPU
		Release|Any CPU = Release|Any CPU
	EndGlobalSection
	GlobalSection(ProjectConfigurationPlatforms) = postSolution
		{6B970F42-4FB4-4654-9C20-E2A3CBDE5076}.Debug|Any CPU.ActiveCfg = Debug|Any CPU
		{6B970F42-4FB4-4654-9C20-E2A3CBDE5076}.Debug|Any CPU.Build.0 = Debug|Any CPU
		{6B970F42-4FB4-4654-9C20-E2A3CBDE5076}.Release|Any CPU.ActiveCfg = Release|Any CPU
		{6B970F42-4FB4-4654-9C20-E2A3CBDE5076}.Release|Any CPU.Build.0 = Release|Any CPU
		{994F7AEC-CDCE-4050-8AC2-CCE3865B7B76}.Debug|Any CPU.ActiveCfg = Debug|Any CPU
		{994F7AEC-CDCE-4050-8AC2-CCE3865B7B76}.Debug|Any CPU.Build.0 = Debug|Any CPU
		{994F7AEC-CDCE-4050-8AC2-CCE3865B7B76}.Release|Any CPU.ActiveCfg = Release|Any CPU
		{994F7AEC-CDCE-4050-8AC2-CCE3865B7B76}.Release|Any CPU.Build.0 = Release|Any CPU
		{641D7423-E79E-430C-B64E-34F11E4F7942}.Debug|Any CPU.ActiveCfg = Debug|Any CPU
		{641D7423-E79E-430C-B64E-34F11E4F7942}.Debug|Any CPU.Build.0 = Debug|Any CPU
		{641D7423-E79E-430C-B64E-34F11E4F7942}.Release|Any CPU.ActiveCfg = Release|Any CPU
		{641D7423-E79E-430C-B64E-34F11E4F7942}.Release|Any CPU.Build.0 = Release|Any CPU
	EndGlobalSection
	GlobalSection(SolutionProperties) = preSolution
		HideSolutionNode = FALSE
	EndGlobalSection
	GlobalSection(ExtensibilityGlobals) = postSolution
		SolutionGuid = {9B13CEC0-BA3E-41F7-8B0C-F22D2459AD57}
	EndGlobalSection
EndGlobal
