
Microsoft Visual Studio Solution File, Format Version 12.00
# Visual Studio 15
VisualStudioVersion = 15.0.27004.2009
MinimumVisualStudioVersion = 10.0.40219.1
Project("{2150E333-8FDC-42A3-9474-1A3956D46DE8}") = "Solution Items", "Solution Items", "{B3412393-9444-4901-9F57-46015BC30766}"
	ProjectSection(SolutionItems) = preProject
		.editorconfig = .editorconfig
		..\build\02_RunTests.ps1 = ..\build\02_RunTests.ps1
		Picturepark.SDK.DotNet.ruleset = Picturepark.SDK.DotNet.ruleset
		version.json = version.json
	EndProjectSection
EndProject
Project("{2150E333-8FDC-42A3-9474-1A3956D46DE8}") = "02 API", "02 API", "{4B2AA4DC-FA39-4146-8AA2-50D1908601AB}"
EndProject
Project("{9A19103F-16F7-4668-BE54-9A1E7A4F7556}") = "Picturepark.SDK.V1", "Picturepark.SDK.V1\Picturepark.SDK.V1.csproj", "{F7E87671-10C3-4090-A10A-70E359F8A26D}"
EndProject
Project("{9A19103F-16F7-4668-BE54-9A1E7A4F7556}") = "Picturepark.SDK.V1.ServiceProvider", "Picturepark.SDK.V1.ServiceProvider\Picturepark.SDK.V1.ServiceProvider.csproj", "{CEF55960-3A1F-4867-BBFB-AC100E43833B}"
EndProject
Project("{9A19103F-16F7-4668-BE54-9A1E7A4F7556}") = "Picturepark.SDK.V1.Contract", "Picturepark.SDK.V1.Contract\Picturepark.SDK.V1.Contract.csproj", "{732DCFB5-7614-4E04-A2EA-9D9DEB6A2470}"
EndProject
Project("{9A19103F-16F7-4668-BE54-9A1E7A4F7556}") = "Picturepark.SDK.V1.CloudManager", "Picturepark.SDK.V1.CloudManager\Picturepark.SDK.V1.CloudManager.csproj", "{65AA9AE0-CBA6-40B6-BF5F-4826611ECA8B}"
EndProject
Project("{9A19103F-16F7-4668-BE54-9A1E7A4F7556}") = "Picturepark.SDK.V1.Tests", "Picturepark.SDK.V1.Tests\Picturepark.SDK.V1.Tests.csproj", "{BEFC853A-CF61-4CE7-A6A1-8DDB54A9AD8C}"
EndProject
Project("{9A19103F-16F7-4668-BE54-9A1E7A4F7556}") = "Picturepark.SDK.V1.Localization", "Picturepark.SDK.V1.Localization\Picturepark.SDK.V1.Localization.csproj", "{D64ABD48-6CAE-4DDD-B9EA-857DEAC2047B}"
EndProject
Project("{2150E333-8FDC-42A3-9474-1A3956D46DE8}") = "03 Management API", "03 Management API", "{88E65D30-2F71-46D3-AA5B-542EFDD0D57C}"
EndProject
Project("{2150E333-8FDC-42A3-9474-1A3956D46DE8}") = "01 Docs", "01 Docs", "{99AB8223-6232-4A34-910C-42F116B29AF7}"
	ProjectSection(SolutionItems) = preProject
		..\LICENSE.md = ..\LICENSE.md
		..\README.md = ..\README.md
		..\TASKS.md = ..\TASKS.md
	EndProjectSection
EndProject
Global
	GlobalSection(SolutionConfigurationPlatforms) = preSolution
		Debug|Any CPU = Debug|Any CPU
		Debug|x64 = Debug|x64
		Release|Any CPU = Release|Any CPU
		Release|x64 = Release|x64
	EndGlobalSection
	GlobalSection(ProjectConfigurationPlatforms) = postSolution
		{F7E87671-10C3-4090-A10A-70E359F8A26D}.Debug|Any CPU.ActiveCfg = Debug|Any CPU
		{F7E87671-10C3-4090-A10A-70E359F8A26D}.Debug|Any CPU.Build.0 = Debug|Any CPU
		{F7E87671-10C3-4090-A10A-70E359F8A26D}.Debug|x64.ActiveCfg = Debug|Any CPU
		{F7E87671-10C3-4090-A10A-70E359F8A26D}.Release|Any CPU.ActiveCfg = Release|Any CPU
		{F7E87671-10C3-4090-A10A-70E359F8A26D}.Release|Any CPU.Build.0 = Release|Any CPU
		{F7E87671-10C3-4090-A10A-70E359F8A26D}.Release|x64.ActiveCfg = Release|Any CPU
		{CEF55960-3A1F-4867-BBFB-AC100E43833B}.Debug|Any CPU.ActiveCfg = Debug|Any CPU
		{CEF55960-3A1F-4867-BBFB-AC100E43833B}.Debug|Any CPU.Build.0 = Debug|Any CPU
		{CEF55960-3A1F-4867-BBFB-AC100E43833B}.Debug|x64.ActiveCfg = Debug|Any CPU
		{CEF55960-3A1F-4867-BBFB-AC100E43833B}.Release|Any CPU.ActiveCfg = Release|Any CPU
		{CEF55960-3A1F-4867-BBFB-AC100E43833B}.Release|Any CPU.Build.0 = Release|Any CPU
		{CEF55960-3A1F-4867-BBFB-AC100E43833B}.Release|x64.ActiveCfg = Release|Any CPU
		{732DCFB5-7614-4E04-A2EA-9D9DEB6A2470}.Debug|Any CPU.ActiveCfg = Debug|Any CPU
		{732DCFB5-7614-4E04-A2EA-9D9DEB6A2470}.Debug|Any CPU.Build.0 = Debug|Any CPU
		{732DCFB5-7614-4E04-A2EA-9D9DEB6A2470}.Debug|x64.ActiveCfg = Debug|Any CPU
		{732DCFB5-7614-4E04-A2EA-9D9DEB6A2470}.Debug|x64.Build.0 = Debug|Any CPU
		{732DCFB5-7614-4E04-A2EA-9D9DEB6A2470}.Release|Any CPU.ActiveCfg = Release|Any CPU
		{732DCFB5-7614-4E04-A2EA-9D9DEB6A2470}.Release|Any CPU.Build.0 = Release|Any CPU
		{732DCFB5-7614-4E04-A2EA-9D9DEB6A2470}.Release|x64.ActiveCfg = Release|Any CPU
		{732DCFB5-7614-4E04-A2EA-9D9DEB6A2470}.Release|x64.Build.0 = Release|Any CPU
		{65AA9AE0-CBA6-40B6-BF5F-4826611ECA8B}.Debug|Any CPU.ActiveCfg = Debug|Any CPU
		{65AA9AE0-CBA6-40B6-BF5F-4826611ECA8B}.Debug|Any CPU.Build.0 = Debug|Any CPU
		{65AA9AE0-CBA6-40B6-BF5F-4826611ECA8B}.Debug|x64.ActiveCfg = Debug|Any CPU
		{65AA9AE0-CBA6-40B6-BF5F-4826611ECA8B}.Debug|x64.Build.0 = Debug|Any CPU
		{65AA9AE0-CBA6-40B6-BF5F-4826611ECA8B}.Release|Any CPU.ActiveCfg = Release|Any CPU
		{65AA9AE0-CBA6-40B6-BF5F-4826611ECA8B}.Release|Any CPU.Build.0 = Release|Any CPU
		{65AA9AE0-CBA6-40B6-BF5F-4826611ECA8B}.Release|x64.ActiveCfg = Release|Any CPU
		{65AA9AE0-CBA6-40B6-BF5F-4826611ECA8B}.Release|x64.Build.0 = Release|Any CPU
		{BEFC853A-CF61-4CE7-A6A1-8DDB54A9AD8C}.Debug|Any CPU.ActiveCfg = Debug|Any CPU
		{BEFC853A-CF61-4CE7-A6A1-8DDB54A9AD8C}.Debug|Any CPU.Build.0 = Debug|Any CPU
		{BEFC853A-CF61-4CE7-A6A1-8DDB54A9AD8C}.Debug|x64.ActiveCfg = Debug|Any CPU
		{BEFC853A-CF61-4CE7-A6A1-8DDB54A9AD8C}.Debug|x64.Build.0 = Debug|Any CPU
		{BEFC853A-CF61-4CE7-A6A1-8DDB54A9AD8C}.Release|Any CPU.ActiveCfg = Release|Any CPU
		{BEFC853A-CF61-4CE7-A6A1-8DDB54A9AD8C}.Release|Any CPU.Build.0 = Release|Any CPU
		{BEFC853A-CF61-4CE7-A6A1-8DDB54A9AD8C}.Release|x64.ActiveCfg = Release|Any CPU
		{BEFC853A-CF61-4CE7-A6A1-8DDB54A9AD8C}.Release|x64.Build.0 = Release|Any CPU
		{D64ABD48-6CAE-4DDD-B9EA-857DEAC2047B}.Debug|Any CPU.ActiveCfg = Debug|Any CPU
		{D64ABD48-6CAE-4DDD-B9EA-857DEAC2047B}.Debug|Any CPU.Build.0 = Debug|Any CPU
		{D64ABD48-6CAE-4DDD-B9EA-857DEAC2047B}.Debug|x64.ActiveCfg = Debug|Any CPU
		{D64ABD48-6CAE-4DDD-B9EA-857DEAC2047B}.Debug|x64.Build.0 = Debug|Any CPU
		{D64ABD48-6CAE-4DDD-B9EA-857DEAC2047B}.Release|Any CPU.ActiveCfg = Release|Any CPU
		{D64ABD48-6CAE-4DDD-B9EA-857DEAC2047B}.Release|Any CPU.Build.0 = Release|Any CPU
		{D64ABD48-6CAE-4DDD-B9EA-857DEAC2047B}.Release|x64.ActiveCfg = Release|Any CPU
		{D64ABD48-6CAE-4DDD-B9EA-857DEAC2047B}.Release|x64.Build.0 = Release|Any CPU
	EndGlobalSection
	GlobalSection(SolutionProperties) = preSolution
		HideSolutionNode = FALSE
	EndGlobalSection
	GlobalSection(NestedProjects) = preSolution
		{F7E87671-10C3-4090-A10A-70E359F8A26D} = {4B2AA4DC-FA39-4146-8AA2-50D1908601AB}
		{CEF55960-3A1F-4867-BBFB-AC100E43833B} = {88E65D30-2F71-46D3-AA5B-542EFDD0D57C}
		{732DCFB5-7614-4E04-A2EA-9D9DEB6A2470} = {4B2AA4DC-FA39-4146-8AA2-50D1908601AB}
		{65AA9AE0-CBA6-40B6-BF5F-4826611ECA8B} = {88E65D30-2F71-46D3-AA5B-542EFDD0D57C}
		{BEFC853A-CF61-4CE7-A6A1-8DDB54A9AD8C} = {4B2AA4DC-FA39-4146-8AA2-50D1908601AB}
		{D64ABD48-6CAE-4DDD-B9EA-857DEAC2047B} = {4B2AA4DC-FA39-4146-8AA2-50D1908601AB}
	EndGlobalSection
	GlobalSection(ExtensibilityGlobals) = postSolution
		SolutionGuid = {70A30629-AE14-4536-92CE-8B5D33E11089}
	EndGlobalSection
EndGlobal
